// !$*UTF8*$!
{
	archiveVersion = 1;
	classes = {
	};
	objectVersion = 46;
	objects = {

/* Begin PBXBuildFile section */
		1BDCF1F4E9C3CACF9DD6A2E1 /* Constants.swift in Sources */ = {isa = PBXBuildFile; fileRef = F8CBC17F9BB10D393D2ED879 /* Constants.swift */; };
		2FC4E21D107A39E5A5794E9D /* LaunchScreen.xib in Resources */ = {isa = PBXBuildFile; fileRef = 95ABA65F55066E28EF312DC6 /* LaunchScreen.xib */; };
		5297F913B2123D0D134C6283 /* ViewInterface.swift in Sources */ = {isa = PBXBuildFile; fileRef = EEB5D8CA12527615EEAAB498 /* ViewInterface.swift */; };
		90C254692ECAE22E5279EFB0 /* InteractorInterface.swift in Sources */ = {isa = PBXBuildFile; fileRef = FFF04D16288C9B914442C230 /* InteractorInterface.swift */; };
		9E81FC88ACBF4AC7F80C0F8F /* Pods_ResultExample.framework in Frameworks */ = {isa = PBXBuildFile; fileRef = 5362DA58CFF75AE0438935FD /* Pods_ResultExample.framework */; };
		9ED75092486146B59BF893A5 /* Foundation.framework in Frameworks */ = {isa = PBXBuildFile; fileRef = 4F0FDC28B254449734191D28 /* Foundation.framework */; };
		C1BD9CD8DE79B4622CCB8C23 /* Images.xcassets in Resources */ = {isa = PBXBuildFile; fileRef = 535B7881FB2BC9DDD4ED54BC /* Images.xcassets */; };
		E4D610C55DFFAB6D1C12E828 /* Progressable.swift in Sources */ = {isa = PBXBuildFile; fileRef = F2DE1E03DF816D0DAFFB9401 /* Progressable.swift */; };
		EB70A02B3AE57EB2DE81766C /* WireframeInterface.swift in Sources */ = {isa = PBXBuildFile; fileRef = D12B968E0DDB2EF93F53F779 /* WireframeInterface.swift */; };
		EE31CDEAC29B1A1F3F9125EE /* PresenterInterface.swift in Sources */ = {isa = PBXBuildFile; fileRef = D41C633798C2ADD797B79B14 /* PresenterInterface.swift */; };
		F2A4D7FEA15D340E7829295B /* AppDelegate.swift in Sources */ = {isa = PBXBuildFile; fileRef = B7DBBEA85887787B92BD6F23 /* AppDelegate.swift */; };
		FE7D636C1D996B8800D020E2 /* MainInterfaces.swift in Sources */ = {isa = PBXBuildFile; fileRef = FE7D63671D996B8800D020E2 /* MainInterfaces.swift */; };
		FE7D636D1D996B8800D020E2 /* MainPresenter.swift in Sources */ = {isa = PBXBuildFile; fileRef = FE7D63681D996B8800D020E2 /* MainPresenter.swift */; };
		FE7D636E1D996B8800D020E2 /* MainViewController.swift in Sources */ = {isa = PBXBuildFile; fileRef = FE7D63691D996B8800D020E2 /* MainViewController.swift */; };
		FE7D636F1D996B8800D020E2 /* MainWireframe.swift in Sources */ = {isa = PBXBuildFile; fileRef = FE7D636A1D996B8800D020E2 /* MainWireframe.swift */; };
		FE7D63741D996BE100D020E2 /* Main.storyboard in Resources */ = {isa = PBXBuildFile; fileRef = FE7D63731D996BE100D020E2 /* Main.storyboard */; };
		FE7D63811D996CAC00D020E2 /* UserListInterfaces.swift in Sources */ = {isa = PBXBuildFile; fileRef = FE7D637C1D996CAC00D020E2 /* UserListInterfaces.swift */; };
		FE7D63831D996CAC00D020E2 /* UserListViewController.swift in Sources */ = {isa = PBXBuildFile; fileRef = FE7D637E1D996CAC00D020E2 /* UserListViewController.swift */; };
		FE7D63891D996D7E00D020E2 /* User.swift in Sources */ = {isa = PBXBuildFile; fileRef = FE7D63851D996D7E00D020E2 /* User.swift */; };
		FE7D638A1D996D7E00D020E2 /* Address.swift in Sources */ = {isa = PBXBuildFile; fileRef = FE7D63861D996D7E00D020E2 /* Address.swift */; };
		FE7D638B1D996D7E00D020E2 /* Geolocation.swift in Sources */ = {isa = PBXBuildFile; fileRef = FE7D63871D996D7E00D020E2 /* Geolocation.swift */; };
		FE7D638C1D996D7E00D020E2 /* Company.swift in Sources */ = {isa = PBXBuildFile; fileRef = FE7D63881D996D7E00D020E2 /* Company.swift */; };
		FE7D638F1D996E1600D020E2 /* UserCellItem.swift in Sources */ = {isa = PBXBuildFile; fileRef = FE7D638E1D996E1600D020E2 /* UserCellItem.swift */; };
		FE7D63911D996F0B00D020E2 /* AlamofireExtensions.swift in Sources */ = {isa = PBXBuildFile; fileRef = FE7D63901D996F0B00D020E2 /* AlamofireExtensions.swift */; };
		FE7D63931D99728F00D020E2 /* Router.swift in Sources */ = {isa = PBXBuildFile; fileRef = FE7D63921D99728F00D020E2 /* Router.swift */; };
		FE7D63951D9976EC00D020E2 /* NSAttributedStringExtensions.swift in Sources */ = {isa = PBXBuildFile; fileRef = FE7D63941D9976EC00D020E2 /* NSAttributedStringExtensions.swift */; };
		FE7D63991D99781400D020E2 /* WithoutResultUserListInteractor.swift in Sources */ = {isa = PBXBuildFile; fileRef = FE7D63961D99781400D020E2 /* WithoutResultUserListInteractor.swift */; };
		FE7D639A1D99781400D020E2 /* WithoutResultUserListPresenter.swift in Sources */ = {isa = PBXBuildFile; fileRef = FE7D63971D99781400D020E2 /* WithoutResultUserListPresenter.swift */; };
		FE7D639B1D99781400D020E2 /* WithoutResultUserListWireframe.swift in Sources */ = {isa = PBXBuildFile; fileRef = FE7D63981D99781400D020E2 /* WithoutResultUserListWireframe.swift */; };
		FE7D639F1D997DFF00D020E2 /* WithResultUserListInteractor.swift in Sources */ = {isa = PBXBuildFile; fileRef = FE7D639C1D997DFF00D020E2 /* WithResultUserListInteractor.swift */; };
		FE7D63A01D997DFF00D020E2 /* WithResultUserListPresenter.swift in Sources */ = {isa = PBXBuildFile; fileRef = FE7D639D1D997DFF00D020E2 /* WithResultUserListPresenter.swift */; };
		FE7D63A11D997DFF00D020E2 /* WithResultUserListWireframe.swift in Sources */ = {isa = PBXBuildFile; fileRef = FE7D639E1D997DFF00D020E2 /* WithResultUserListWireframe.swift */; };
		FE7D63A91D99AE8800D020E2 /* NetworkError.swift in Sources */ = {isa = PBXBuildFile; fileRef = FE7D63A81D99AE8800D020E2 /* NetworkError.swift */; };
/* End PBXBuildFile section */

/* Begin PBXContainerItemProxy section */
		68AD9E7CA2C41F3450C5D577 /* PBXContainerItemProxy */ = {
			isa = PBXContainerItemProxy;
			containerPortal = 87319A77C692A24A5B6B4AA0 /* Project object */;
			proxyType = 1;
			remoteGlobalIDString = D3CB292CEEF5CB56D4381936;
			remoteInfo = ResultExample;
		};
/* End PBXContainerItemProxy section */

/* Begin PBXFileReference section */
		04689504A58DB2F52A69CEBA /* Info.plist */ = {isa = PBXFileReference; includeInIndex = 1; lastKnownFileType = text.plist.xml; path = Info.plist; sourceTree = "<group>"; };
		420EE5465D72E42450538CC1 /* Pods-ResultExample.debug.xcconfig */ = {isa = PBXFileReference; includeInIndex = 1; lastKnownFileType = text.xcconfig; name = "Pods-ResultExample.debug.xcconfig"; path = "Pods/Target Support Files/Pods-ResultExample/Pods-ResultExample.debug.xcconfig"; sourceTree = "<group>"; };
		4F0FDC28B254449734191D28 /* Foundation.framework */ = {isa = PBXFileReference; lastKnownFileType = wrapper.framework; name = Foundation.framework; path = Platforms/iPhoneOS.platform/Developer/SDKs/iPhoneOS9.3.sdk/System/Library/Frameworks/Foundation.framework; sourceTree = DEVELOPER_DIR; };
		535B7881FB2BC9DDD4ED54BC /* Images.xcassets */ = {isa = PBXFileReference; includeInIndex = 1; lastKnownFileType = folder.assetcatalog; path = Images.xcassets; sourceTree = "<group>"; };
		5362DA58CFF75AE0438935FD /* Pods_ResultExample.framework */ = {isa = PBXFileReference; explicitFileType = wrapper.framework; includeInIndex = 0; path = Pods_ResultExample.framework; sourceTree = BUILT_PRODUCTS_DIR; };
		81E25C05F46756A97E2FB5E5 /* Pods-ResultExample.release.xcconfig */ = {isa = PBXFileReference; includeInIndex = 1; lastKnownFileType = text.xcconfig; name = "Pods-ResultExample.release.xcconfig"; path = "Pods/Target Support Files/Pods-ResultExample/Pods-ResultExample.release.xcconfig"; sourceTree = "<group>"; };
		95ABA65F55066E28EF312DC6 /* LaunchScreen.xib */ = {isa = PBXFileReference; includeInIndex = 1; lastKnownFileType = file.xib; path = LaunchScreen.xib; sourceTree = "<group>"; };
		A353151B815AADFA01E6E485 /* UnitTests.xctest */ = {isa = PBXFileReference; explicitFileType = wrapper.cfbundle; includeInIndex = 0; path = UnitTests.xctest; sourceTree = BUILT_PRODUCTS_DIR; };
		B7DBBEA85887787B92BD6F23 /* AppDelegate.swift */ = {isa = PBXFileReference; includeInIndex = 1; lastKnownFileType = sourcecode.swift; path = AppDelegate.swift; sourceTree = "<group>"; };
		D12B968E0DDB2EF93F53F779 /* WireframeInterface.swift */ = {isa = PBXFileReference; includeInIndex = 1; lastKnownFileType = sourcecode.swift; path = WireframeInterface.swift; sourceTree = "<group>"; };
		D41C633798C2ADD797B79B14 /* PresenterInterface.swift */ = {isa = PBXFileReference; includeInIndex = 1; lastKnownFileType = sourcecode.swift; path = PresenterInterface.swift; sourceTree = "<group>"; };
		EEB5D8CA12527615EEAAB498 /* ViewInterface.swift */ = {isa = PBXFileReference; includeInIndex = 1; lastKnownFileType = sourcecode.swift; path = ViewInterface.swift; sourceTree = "<group>"; };
		F2DE1E03DF816D0DAFFB9401 /* Progressable.swift */ = {isa = PBXFileReference; includeInIndex = 1; lastKnownFileType = sourcecode.swift; path = Progressable.swift; sourceTree = "<group>"; };
		F513B5CB2B139D035C5D0C43 /* ResultExample.app */ = {isa = PBXFileReference; explicitFileType = wrapper.application; includeInIndex = 0; path = ResultExample.app; sourceTree = BUILT_PRODUCTS_DIR; };
		F8CBC17F9BB10D393D2ED879 /* Constants.swift */ = {isa = PBXFileReference; includeInIndex = 1; lastKnownFileType = sourcecode.swift; path = Constants.swift; sourceTree = "<group>"; };
		FE7D63671D996B8800D020E2 /* MainInterfaces.swift */ = {isa = PBXFileReference; fileEncoding = 4; lastKnownFileType = sourcecode.swift; path = MainInterfaces.swift; sourceTree = "<group>"; };
		FE7D63681D996B8800D020E2 /* MainPresenter.swift */ = {isa = PBXFileReference; fileEncoding = 4; lastKnownFileType = sourcecode.swift; path = MainPresenter.swift; sourceTree = "<group>"; };
		FE7D63691D996B8800D020E2 /* MainViewController.swift */ = {isa = PBXFileReference; fileEncoding = 4; lastKnownFileType = sourcecode.swift; path = MainViewController.swift; sourceTree = "<group>"; };
		FE7D636A1D996B8800D020E2 /* MainWireframe.swift */ = {isa = PBXFileReference; fileEncoding = 4; lastKnownFileType = sourcecode.swift; path = MainWireframe.swift; sourceTree = "<group>"; };
		FE7D63731D996BE100D020E2 /* Main.storyboard */ = {isa = PBXFileReference; fileEncoding = 4; lastKnownFileType = file.storyboard; path = Main.storyboard; sourceTree = "<group>"; };
		FE7D637C1D996CAC00D020E2 /* UserListInterfaces.swift */ = {isa = PBXFileReference; fileEncoding = 4; lastKnownFileType = sourcecode.swift; path = UserListInterfaces.swift; sourceTree = "<group>"; };
		FE7D637E1D996CAC00D020E2 /* UserListViewController.swift */ = {isa = PBXFileReference; fileEncoding = 4; lastKnownFileType = sourcecode.swift; path = UserListViewController.swift; sourceTree = "<group>"; };
		FE7D63851D996D7E00D020E2 /* User.swift */ = {isa = PBXFileReference; fileEncoding = 4; lastKnownFileType = sourcecode.swift; path = User.swift; sourceTree = "<group>"; };
		FE7D63861D996D7E00D020E2 /* Address.swift */ = {isa = PBXFileReference; fileEncoding = 4; lastKnownFileType = sourcecode.swift; path = Address.swift; sourceTree = "<group>"; };
		FE7D63871D996D7E00D020E2 /* Geolocation.swift */ = {isa = PBXFileReference; fileEncoding = 4; lastKnownFileType = sourcecode.swift; path = Geolocation.swift; sourceTree = "<group>"; };
		FE7D63881D996D7E00D020E2 /* Company.swift */ = {isa = PBXFileReference; fileEncoding = 4; lastKnownFileType = sourcecode.swift; path = Company.swift; sourceTree = "<group>"; };
		FE7D638E1D996E1600D020E2 /* UserCellItem.swift */ = {isa = PBXFileReference; fileEncoding = 4; lastKnownFileType = sourcecode.swift; path = UserCellItem.swift; sourceTree = "<group>"; };
		FE7D63901D996F0B00D020E2 /* AlamofireExtensions.swift */ = {isa = PBXFileReference; fileEncoding = 4; lastKnownFileType = sourcecode.swift; path = AlamofireExtensions.swift; sourceTree = "<group>"; };
		FE7D63921D99728F00D020E2 /* Router.swift */ = {isa = PBXFileReference; fileEncoding = 4; lastKnownFileType = sourcecode.swift; path = Router.swift; sourceTree = "<group>"; };
		FE7D63941D9976EC00D020E2 /* NSAttributedStringExtensions.swift */ = {isa = PBXFileReference; fileEncoding = 4; lastKnownFileType = sourcecode.swift; path = NSAttributedStringExtensions.swift; sourceTree = "<group>"; };
		FE7D63961D99781400D020E2 /* WithoutResultUserListInteractor.swift */ = {isa = PBXFileReference; fileEncoding = 4; lastKnownFileType = sourcecode.swift; path = WithoutResultUserListInteractor.swift; sourceTree = "<group>"; };
		FE7D63971D99781400D020E2 /* WithoutResultUserListPresenter.swift */ = {isa = PBXFileReference; fileEncoding = 4; lastKnownFileType = sourcecode.swift; path = WithoutResultUserListPresenter.swift; sourceTree = "<group>"; };
		FE7D63981D99781400D020E2 /* WithoutResultUserListWireframe.swift */ = {isa = PBXFileReference; fileEncoding = 4; lastKnownFileType = sourcecode.swift; path = WithoutResultUserListWireframe.swift; sourceTree = "<group>"; };
		FE7D639C1D997DFF00D020E2 /* WithResultUserListInteractor.swift */ = {isa = PBXFileReference; fileEncoding = 4; lastKnownFileType = sourcecode.swift; path = WithResultUserListInteractor.swift; sourceTree = "<group>"; };
		FE7D639D1D997DFF00D020E2 /* WithResultUserListPresenter.swift */ = {isa = PBXFileReference; fileEncoding = 4; lastKnownFileType = sourcecode.swift; path = WithResultUserListPresenter.swift; sourceTree = "<group>"; };
		FE7D639E1D997DFF00D020E2 /* WithResultUserListWireframe.swift */ = {isa = PBXFileReference; fileEncoding = 4; lastKnownFileType = sourcecode.swift; path = WithResultUserListWireframe.swift; sourceTree = "<group>"; };
		FE7D63A81D99AE8800D020E2 /* NetworkError.swift */ = {isa = PBXFileReference; fileEncoding = 4; lastKnownFileType = sourcecode.swift; path = NetworkError.swift; sourceTree = "<group>"; };
		FF22B52D37C7E8EEFD1E1293 /* UnitTests-Info.plist */ = {isa = PBXFileReference; includeInIndex = 1; lastKnownFileType = text.plist.xml; path = "UnitTests-Info.plist"; sourceTree = "<group>"; };
		FFF04D16288C9B914442C230 /* InteractorInterface.swift */ = {isa = PBXFileReference; includeInIndex = 1; lastKnownFileType = sourcecode.swift; path = InteractorInterface.swift; sourceTree = "<group>"; };
/* End PBXFileReference section */

/* Begin PBXFrameworksBuildPhase section */
		6322685B07C8379D00737CDB /* Frameworks */ = {
			isa = PBXFrameworksBuildPhase;
			buildActionMask = 2147483647;
			files = (
			);
			runOnlyForDeploymentPostprocessing = 0;
		};
		E5BFFEC4C370DA2D6DE9AAAF /* Frameworks */ = {
			isa = PBXFrameworksBuildPhase;
			buildActionMask = 2147483647;
			files = (
				9ED75092486146B59BF893A5 /* Foundation.framework in Frameworks */,
				9E81FC88ACBF4AC7F80C0F8F /* Pods_ResultExample.framework in Frameworks */,
			);
			runOnlyForDeploymentPostprocessing = 0;
		};
/* End PBXFrameworksBuildPhase section */

/* Begin PBXGroup section */
		08CE8CA0B6B0E8D4F5FCE391 /* Other-Sources */ = {
			isa = PBXGroup;
			children = (
				04689504A58DB2F52A69CEBA /* Info.plist */,
			);
			path = "Other-Sources";
			sourceTree = "<group>";
		};
		155A8902681834C084B6EEEC /* iOS */ = {
			isa = PBXGroup;
			children = (
				4F0FDC28B254449734191D28 /* Foundation.framework */,
			);
			name = iOS;
			sourceTree = "<group>";
		};
		1E0818A3FB92E2173FA2ED1E /* Resources */ = {
			isa = PBXGroup;
			children = (
				535B7881FB2BC9DDD4ED54BC /* Images.xcassets */,
				7AD9AA0A6F612A3C4DB6F7FA /* Launch-Screen */,
				08CE8CA0B6B0E8D4F5FCE391 /* Other-Sources */,
			);
			path = Resources;
			sourceTree = "<group>";
		};
		304921524807E4C56E898EDE /* UnitTests */ = {
			isa = PBXGroup;
			children = (
				66DBE14B36D369A64A75146C /* Resources */,
				87857BB775E7C20D251D2C85 /* Helpers */,
				D210D68D8778AC8272510E11 /* Tests */,
			);
			path = UnitTests;
			sourceTree = "<group>";
		};
		3267B50247A9B493FC0CD368 /* Views */ = {
			isa = PBXGroup;
			children = (
				EF1BC6D3A87B70363E953AAD /* Cells */,
			);
			path = Views;
			sourceTree = "<group>";
		};
		46E57A1820979CFF5CF0FFF8 /* Products */ = {
			isa = PBXGroup;
			children = (
				F513B5CB2B139D035C5D0C43 /* ResultExample.app */,
				A353151B815AADFA01E6E485 /* UnitTests.xctest */,
			);
			name = Products;
			sourceTree = "<group>";
		};
		4CA57A9E9FA6210EBCBDFBCE /* Modules */ = {
			isa = PBXGroup;
			children = (
				FE7D63631D996B7300D020E2 /* Main */,
				FE7D63781D996C9700D020E2 /* UserList */,
			);
			path = Modules;
			sourceTree = "<group>";
		};
		5928D3C4E89C2DFAA5C41514 /* VIPER */ = {
			isa = PBXGroup;
			children = (
				EEB5D8CA12527615EEAAB498 /* ViewInterface.swift */,
				D41C633798C2ADD797B79B14 /* PresenterInterface.swift */,
				FFF04D16288C9B914442C230 /* InteractorInterface.swift */,
				D12B968E0DDB2EF93F53F779 /* WireframeInterface.swift */,
			);
			path = VIPER;
			sourceTree = "<group>";
		};
		5FCA10A5394948B0B706017E /* ResultExample */ = {
			isa = PBXGroup;
			children = (
				FE7D63701D996B9D00D020E2 /* Storyboards */,
				C3ED5B3E3CD42FAE4E47FB67 /* Application */,
				8EFFFCBC3E05103F679CCEB3 /* Common */,
				4CA57A9E9FA6210EBCBDFBCE /* Modules */,
				1E0818A3FB92E2173FA2ED1E /* Resources */,
			);
			path = ResultExample;
			sourceTree = "<group>";
		};
		66DBE14B36D369A64A75146C /* Resources */ = {
			isa = PBXGroup;
			children = (
				FF22B52D37C7E8EEFD1E1293 /* UnitTests-Info.plist */,
			);
			path = Resources;
			sourceTree = "<group>";
		};
		6C3614DE5B200257030CD179 /* Constants */ = {
			isa = PBXGroup;
			children = (
				F8CBC17F9BB10D393D2ED879 /* Constants.swift */,
			);
			path = Constants;
			sourceTree = "<group>";
		};
		7AD9AA0A6F612A3C4DB6F7FA /* Launch-Screen */ = {
			isa = PBXGroup;
			children = (
				95ABA65F55066E28EF312DC6 /* LaunchScreen.xib */,
			);
			path = "Launch-Screen";
			sourceTree = "<group>";
		};
		7BB9D20F81E8F1D2518D6B4C = {
			isa = PBXGroup;
			children = (
				5FCA10A5394948B0B706017E /* ResultExample */,
				304921524807E4C56E898EDE /* UnitTests */,
				FD43E604DC3A4605AD7ECC56 /* Frameworks */,
				46E57A1820979CFF5CF0FFF8 /* Products */,
				DD146EA31C7859AE7ABC28AA /* Pods */,
			);
			indentWidth = 4;
			sourceTree = "<group>";
			tabWidth = 4;
			usesTabs = 0;
		};
		87857BB775E7C20D251D2C85 /* Helpers */ = {
			isa = PBXGroup;
			children = (
			);
			path = Helpers;
			sourceTree = "<group>";
		};
		8EFFFCBC3E05103F679CCEB3 /* Common */ = {
			isa = PBXGroup;
			children = (
				FE7D63A71D99AE8800D020E2 /* Enums */,
				6C3614DE5B200257030CD179 /* Constants */,
				D4A029DD039DE018523E9163 /* Extensions */,
				B65532FB6D6B0F88EF8EEA54 /* Protocols */,
				C828BF24CE6A2835BFDFBEE0 /* Models */,
				3267B50247A9B493FC0CD368 /* Views */,
				EC0C67744BBB7AF0DB5CD288 /* Networking */,
				5928D3C4E89C2DFAA5C41514 /* VIPER */,
			);
			path = Common;
			sourceTree = "<group>";
		};
		B65532FB6D6B0F88EF8EEA54 /* Protocols */ = {
			isa = PBXGroup;
			children = (
				F2DE1E03DF816D0DAFFB9401 /* Progressable.swift */,
			);
			path = Protocols;
			sourceTree = "<group>";
		};
		C3ED5B3E3CD42FAE4E47FB67 /* Application */ = {
			isa = PBXGroup;
			children = (
				B7DBBEA85887787B92BD6F23 /* AppDelegate.swift */,
			);
			path = Application;
			sourceTree = "<group>";
		};
		C828BF24CE6A2835BFDFBEE0 /* Models */ = {
			isa = PBXGroup;
			children = (
			);
			path = Models;
			sourceTree = "<group>";
		};
		D210D68D8778AC8272510E11 /* Tests */ = {
			isa = PBXGroup;
			children = (
			);
			path = Tests;
			sourceTree = "<group>";
		};
		D4A029DD039DE018523E9163 /* Extensions */ = {
			isa = PBXGroup;
			children = (
				FE7D63901D996F0B00D020E2 /* AlamofireExtensions.swift */,
				FE7D63941D9976EC00D020E2 /* NSAttributedStringExtensions.swift */,
			);
			path = Extensions;
			sourceTree = "<group>";
		};
		DD146EA31C7859AE7ABC28AA /* Pods */ = {
			isa = PBXGroup;
			children = (
				81E25C05F46756A97E2FB5E5 /* Pods-ResultExample.release.xcconfig */,
				420EE5465D72E42450538CC1 /* Pods-ResultExample.debug.xcconfig */,
			);
			name = Pods;
			sourceTree = "<group>";
		};
		DEA886E819FC2DA5CCB42172 /* Models */ = {
			isa = PBXGroup;
			children = (
				FE7D63851D996D7E00D020E2 /* User.swift */,
				FE7D63861D996D7E00D020E2 /* Address.swift */,
				FE7D63871D996D7E00D020E2 /* Geolocation.swift */,
				FE7D63881D996D7E00D020E2 /* Company.swift */,
			);
			path = Models;
			sourceTree = "<group>";
		};
		EC0C67744BBB7AF0DB5CD288 /* Networking */ = {
			isa = PBXGroup;
			children = (
				FE7D63921D99728F00D020E2 /* Router.swift */,
				DEA886E819FC2DA5CCB42172 /* Models */,
			);
			path = Networking;
			sourceTree = "<group>";
		};
		EF1BC6D3A87B70363E953AAD /* Cells */ = {
			isa = PBXGroup;
			children = (
			);
			path = Cells;
			sourceTree = "<group>";
		};
		FD43E604DC3A4605AD7ECC56 /* Frameworks */ = {
			isa = PBXGroup;
			children = (
				155A8902681834C084B6EEEC /* iOS */,
				5362DA58CFF75AE0438935FD /* Pods_ResultExample.framework */,
			);
			name = Frameworks;
			sourceTree = "<group>";
		};
		FE7D63631D996B7300D020E2 /* Main */ = {
			isa = PBXGroup;
			children = (
				FE7D63671D996B8800D020E2 /* MainInterfaces.swift */,
				FE7D63681D996B8800D020E2 /* MainPresenter.swift */,
				FE7D63691D996B8800D020E2 /* MainViewController.swift */,
				FE7D636A1D996B8800D020E2 /* MainWireframe.swift */,
			);
			path = Main;
			sourceTree = "<group>";
		};
		FE7D63701D996B9D00D020E2 /* Storyboards */ = {
			isa = PBXGroup;
			children = (
				FE7D63731D996BE100D020E2 /* Main.storyboard */,
			);
			path = Storyboards;
			sourceTree = "<group>";
		};
		FE7D63781D996C9700D020E2 /* UserList */ = {
			isa = PBXGroup;
			children = (
				FE7D638D1D996D8E00D020E2 /* CellItems */,
				FE7D637C1D996CAC00D020E2 /* UserListInterfaces.swift */,
				FE7D637E1D996CAC00D020E2 /* UserListViewController.swift */,
				FE7D63791D996C9700D020E2 /* WithoutResult */,
				FE7D637A1D996C9700D020E2 /* WithResult */,
			);
			path = UserList;
			sourceTree = "<group>";
		};
		FE7D63791D996C9700D020E2 /* WithoutResult */ = {
			isa = PBXGroup;
			children = (
				FE7D63961D99781400D020E2 /* WithoutResultUserListInteractor.swift */,
				FE7D63971D99781400D020E2 /* WithoutResultUserListPresenter.swift */,
				FE7D63981D99781400D020E2 /* WithoutResultUserListWireframe.swift */,
			);
			path = WithoutResult;
			sourceTree = "<group>";
		};
		FE7D637A1D996C9700D020E2 /* WithResult */ = {
			isa = PBXGroup;
			children = (
				FE7D639C1D997DFF00D020E2 /* WithResultUserListInteractor.swift */,
				FE7D639D1D997DFF00D020E2 /* WithResultUserListPresenter.swift */,
				FE7D639E1D997DFF00D020E2 /* WithResultUserListWireframe.swift */,
			);
			path = WithResult;
			sourceTree = "<group>";
		};
		FE7D638D1D996D8E00D020E2 /* CellItems */ = {
			isa = PBXGroup;
			children = (
				FE7D638E1D996E1600D020E2 /* UserCellItem.swift */,
			);
			path = CellItems;
			sourceTree = "<group>";
		};
		FE7D63A71D99AE8800D020E2 /* Enums */ = {
			isa = PBXGroup;
			children = (
				FE7D63A81D99AE8800D020E2 /* NetworkError.swift */,
			);
			path = Enums;
			sourceTree = "<group>";
		};
/* End PBXGroup section */

/* Begin PBXNativeTarget section */
		A3D2DCBD24DF10CF3F3460C0 /* UnitTests */ = {
			isa = PBXNativeTarget;
			buildConfigurationList = 832115EB5200AF1F739E9BC3 /* Build configuration list for PBXNativeTarget "UnitTests" */;
			buildPhases = (
				D37FD3C0514EFED7F260FA6B /* Sources */,
				6322685B07C8379D00737CDB /* Frameworks */,
				B0FBFB687F637DFEC02FE132 /* Resources */,
			);
			buildRules = (
			);
			dependencies = (
				F9C0C6FFBBC3B9969D320CB7 /* PBXTargetDependency */,
			);
			name = UnitTests;
			productName = UnitTests;
			productReference = A353151B815AADFA01E6E485 /* UnitTests.xctest */;
			productType = "com.apple.product-type.bundle.unit-test";
		};
		D3CB292CEEF5CB56D4381936 /* ResultExample */ = {
			isa = PBXNativeTarget;
			buildConfigurationList = D513FEFDAABF0189D96D624A /* Build configuration list for PBXNativeTarget "ResultExample" */;
			buildPhases = (
				E714F12188FF6EDF377ABAFF /* [CP] Check Pods Manifest.lock */,
				39727EBED7252C1EBF04B807 /* Sources */,
				E5BFFEC4C370DA2D6DE9AAAF /* Frameworks */,
				8D5CADA340309C296CC66061 /* Resources */,
				DCDD2BECD17DE4BEAF377890 /* [CP] Embed Pods Frameworks */,
				4C9A5E973372B296B01E7ADD /* [CP] Copy Pods Resources */,
				F7EE1B1F6219339FF0BDE317 /* Warn for TODO and FIXME comments */,
			);
			buildRules = (
			);
			dependencies = (
			);
			name = ResultExample;
			productName = ResultExample;
			productReference = F513B5CB2B139D035C5D0C43 /* ResultExample.app */;
			productType = "com.apple.product-type.application";
		};
/* End PBXNativeTarget section */

/* Begin PBXProject section */
		87319A77C692A24A5B6B4AA0 /* Project object */ = {
			isa = PBXProject;
			attributes = {
				CLASSPREFIX = "";
				LastSwiftUpdateCheck = 0730;
				LastUpgradeCheck = 0730;
				ORGANIZATIONNAME = Infinum;
			};
			buildConfigurationList = DD9E877E6B52FDB911F3ACF9 /* Build configuration list for PBXProject "ResultExample" */;
			compatibilityVersion = "Xcode 3.2";
			developmentRegion = English;
			hasScannedForEncodings = 0;
			knownRegions = (
				en,
			);
			mainGroup = 7BB9D20F81E8F1D2518D6B4C;
			productRefGroup = 46E57A1820979CFF5CF0FFF8 /* Products */;
			projectDirPath = "";
			projectRoot = "";
			targets = (
				D3CB292CEEF5CB56D4381936 /* ResultExample */,
				A3D2DCBD24DF10CF3F3460C0 /* UnitTests */,
			);
		};
/* End PBXProject section */

/* Begin PBXResourcesBuildPhase section */
		8D5CADA340309C296CC66061 /* Resources */ = {
			isa = PBXResourcesBuildPhase;
			buildActionMask = 2147483647;
			files = (
				FE7D63741D996BE100D020E2 /* Main.storyboard in Resources */,
				C1BD9CD8DE79B4622CCB8C23 /* Images.xcassets in Resources */,
				2FC4E21D107A39E5A5794E9D /* LaunchScreen.xib in Resources */,
			);
			runOnlyForDeploymentPostprocessing = 0;
		};
		B0FBFB687F637DFEC02FE132 /* Resources */ = {
			isa = PBXResourcesBuildPhase;
			buildActionMask = 2147483647;
			files = (
			);
			runOnlyForDeploymentPostprocessing = 0;
		};
/* End PBXResourcesBuildPhase section */

/* Begin PBXShellScriptBuildPhase section */
		4C9A5E973372B296B01E7ADD /* [CP] Copy Pods Resources */ = {
			isa = PBXShellScriptBuildPhase;
			buildActionMask = 2147483647;
			files = (
			);
			inputPaths = (
			);
			name = "[CP] Copy Pods Resources";
			outputPaths = (
			);
			runOnlyForDeploymentPostprocessing = 0;
			shellPath = /bin/sh;
			shellScript = "\"${SRCROOT}/Pods/Target Support Files/Pods-ResultExample/Pods-ResultExample-resources.sh\"\n";
			showEnvVarsInLog = 0;
		};
		DCDD2BECD17DE4BEAF377890 /* [CP] Embed Pods Frameworks */ = {
			isa = PBXShellScriptBuildPhase;
			buildActionMask = 2147483647;
			files = (
			);
			inputPaths = (
			);
			name = "[CP] Embed Pods Frameworks";
			outputPaths = (
			);
			runOnlyForDeploymentPostprocessing = 0;
			shellPath = /bin/sh;
			shellScript = "\"${SRCROOT}/Pods/Target Support Files/Pods-ResultExample/Pods-ResultExample-frameworks.sh\"\n";
			showEnvVarsInLog = 0;
		};
		E714F12188FF6EDF377ABAFF /* [CP] Check Pods Manifest.lock */ = {
			isa = PBXShellScriptBuildPhase;
			buildActionMask = 2147483647;
			files = (
			);
			inputPaths = (
			);
			name = "[CP] Check Pods Manifest.lock";
			outputPaths = (
			);
			runOnlyForDeploymentPostprocessing = 0;
			shellPath = /bin/sh;
			shellScript = "diff \"${PODS_ROOT}/../Podfile.lock\" \"${PODS_ROOT}/Manifest.lock\" > /dev/null\nif [[ $? != 0 ]] ; then\n    cat << EOM\nerror: The sandbox is not in sync with the Podfile.lock. Run 'pod install' or update your CocoaPods installation.\nEOM\n    exit 1\nfi\n";
			showEnvVarsInLog = 0;
		};
		F7EE1B1F6219339FF0BDE317 /* Warn for TODO and FIXME comments */ = {
			isa = PBXShellScriptBuildPhase;
			buildActionMask = 2147483647;
			files = (
			);
			inputPaths = (
			);
			name = "Warn for TODO and FIXME comments";
			outputPaths = (
			);
			runOnlyForDeploymentPostprocessing = 0;
			shellPath = /bin/sh;
			shellScript = "KEYWORDS=\"TODO:|FIXME:|\\?\\?\\?:|\\!\\!\\!:\"\nFILE_EXTENSIONS=\"swift|h|m|mm|c|cpp\"\nfind -E \"${SRCROOT}\" -ipath \"${SRCROOT}/Carthage\" -o -ipath \"${SRCROOT}/pods\" -prune -o \\( -regex \".*\\.($FILE_EXTENSIONS)$\" \\) -print0 | xargs -0 egrep --with-filename --line-number --only-matching \"($KEYWORDS).*\\$\" | perl -p -e \"s/($KEYWORDS)/ warning: \\$1/\"\n";
		};
/* End PBXShellScriptBuildPhase section */

/* Begin PBXSourcesBuildPhase section */
		39727EBED7252C1EBF04B807 /* Sources */ = {
			isa = PBXSourcesBuildPhase;
			buildActionMask = 2147483647;
			files = (
				F2A4D7FEA15D340E7829295B /* AppDelegate.swift in Sources */,
				FE7D63A91D99AE8800D020E2 /* NetworkError.swift in Sources */,
				FE7D639B1D99781400D020E2 /* WithoutResultUserListWireframe.swift in Sources */,
				FE7D63831D996CAC00D020E2 /* UserListViewController.swift in Sources */,
				FE7D638F1D996E1600D020E2 /* UserCellItem.swift in Sources */,
				FE7D636E1D996B8800D020E2 /* MainViewController.swift in Sources */,
				1BDCF1F4E9C3CACF9DD6A2E1 /* Constants.swift in Sources */,
				FE7D638A1D996D7E00D020E2 /* Address.swift in Sources */,
				FE7D63911D996F0B00D020E2 /* AlamofireExtensions.swift in Sources */,
				E4D610C55DFFAB6D1C12E828 /* Progressable.swift in Sources */,
				5297F913B2123D0D134C6283 /* ViewInterface.swift in Sources */,
				FE7D63811D996CAC00D020E2 /* UserListInterfaces.swift in Sources */,
				FE7D63951D9976EC00D020E2 /* NSAttributedStringExtensions.swift in Sources */,
				FE7D63A11D997DFF00D020E2 /* WithResultUserListWireframe.swift in Sources */,
				EE31CDEAC29B1A1F3F9125EE /* PresenterInterface.swift in Sources */,
				FE7D638C1D996D7E00D020E2 /* Company.swift in Sources */,
				FE7D639A1D99781400D020E2 /* WithoutResultUserListPresenter.swift in Sources */,
				FE7D636D1D996B8800D020E2 /* MainPresenter.swift in Sources */,
				90C254692ECAE22E5279EFB0 /* InteractorInterface.swift in Sources */,
				FE7D63A01D997DFF00D020E2 /* WithResultUserListPresenter.swift in Sources */,
				FE7D63931D99728F00D020E2 /* Router.swift in Sources */,
				EB70A02B3AE57EB2DE81766C /* WireframeInterface.swift in Sources */,
				FE7D636F1D996B8800D020E2 /* MainWireframe.swift in Sources */,
				FE7D639F1D997DFF00D020E2 /* WithResultUserListInteractor.swift in Sources */,
				FE7D63991D99781400D020E2 /* WithoutResultUserListInteractor.swift in Sources */,
				FE7D63891D996D7E00D020E2 /* User.swift in Sources */,
				FE7D638B1D996D7E00D020E2 /* Geolocation.swift in Sources */,
				FE7D636C1D996B8800D020E2 /* MainInterfaces.swift in Sources */,
			);
			runOnlyForDeploymentPostprocessing = 0;
		};
		D37FD3C0514EFED7F260FA6B /* Sources */ = {
			isa = PBXSourcesBuildPhase;
			buildActionMask = 2147483647;
			files = (
			);
			runOnlyForDeploymentPostprocessing = 0;
		};
/* End PBXSourcesBuildPhase section */

/* Begin PBXTargetDependency section */
		F9C0C6FFBBC3B9969D320CB7 /* PBXTargetDependency */ = {
			isa = PBXTargetDependency;
			name = ResultExample;
			target = D3CB292CEEF5CB56D4381936 /* ResultExample */;
			targetProxy = 68AD9E7CA2C41F3450C5D577 /* PBXContainerItemProxy */;
		};
/* End PBXTargetDependency section */

/* Begin XCBuildConfiguration section */
		5654ED29EF43CE3AB658326E /* Release */ = {
			isa = XCBuildConfiguration;
			buildSettings = {
				ALWAYS_SEARCH_USER_PATHS = NO;
				ASSETCATALOG_COMPILER_APPICON_NAME = AppIcon;
				CLANG_ANALYZER_NONNULL = YES;
				CLANG_CXX_LANGUAGE_STANDARD = "gnu++0x";
				CLANG_CXX_LIBRARY = "libc++";
				CLANG_ENABLE_MODULES = YES;
				CLANG_ENABLE_OBJC_ARC = YES;
				CLANG_WARN_BOOL_CONVERSION = YES;
				CLANG_WARN_CONSTANT_CONVERSION = YES;
				CLANG_WARN_DEPRECATED_OBJC_IMPLEMENTATIONS = YES;
				CLANG_WARN_DIRECT_OBJC_ISA_USAGE = YES;
				CLANG_WARN_EMPTY_BODY = YES;
				CLANG_WARN_ENUM_CONVERSION = YES;
				CLANG_WARN_IMPLICIT_SIGN_CONVERSION = YES;
				CLANG_WARN_INT_CONVERSION = YES;
				CLANG_WARN_OBJC_IMPLICIT_RETAIN_SELF = YES;
				CLANG_WARN_OBJC_ROOT_CLASS = YES;
				CLANG_WARN_SUSPICIOUS_IMPLICIT_CONVERSION = YES;
				CLANG_WARN_UNREACHABLE_CODE = YES;
				CLANG_WARN__DUPLICATE_METHOD_MATCH = YES;
				"CODE_SIGN_IDENTITY[sdk=iphoneos*]" = "iPhone Developer";
				COPY_PHASE_STRIP = YES;
				ENABLE_NS_ASSERTIONS = NO;
				GCC_C_LANGUAGE_STANDARD = gnu99;
				GCC_WARN_64_TO_32_BIT_CONVERSION = YES;
				GCC_WARN_ABOUT_DEPRECATED_FUNCTIONS = YES;
				GCC_WARN_ABOUT_MISSING_FIELD_INITIALIZERS = YES;
				GCC_WARN_ABOUT_MISSING_NEWLINE = YES;
				GCC_WARN_ABOUT_RETURN_TYPE = YES;
				GCC_WARN_CHECK_SWITCH_STATEMENTS = YES;
				GCC_WARN_INITIALIZER_NOT_FULLY_BRACKETED = YES;
				GCC_WARN_MISSING_PARENTHESES = YES;
				GCC_WARN_SHADOW = YES;
				GCC_WARN_SIGN_COMPARE = YES;
				GCC_WARN_TYPECHECK_CALLS_TO_PRINTF = YES;
				GCC_WARN_UNDECLARED_SELECTOR = YES;
				GCC_WARN_UNINITIALIZED_AUTOS = YES;
				GCC_WARN_UNUSED_FUNCTION = YES;
				GCC_WARN_UNUSED_LABEL = YES;
				GCC_WARN_UNUSED_VALUE = YES;
				GCC_WARN_UNUSED_VARIABLE = YES;
				IPHONEOS_DEPLOYMENT_TARGET = 8.0;
				RUN_CLANG_STATIC_ANALYZER = YES;
				SDKROOT = iphoneos;
				VALIDATE_PRODUCT = YES;
			};
			name = Release;
		};
		75DAB445D0861A0A09B86E94 /* Debug */ = {
			isa = XCBuildConfiguration;
			buildSettings = {
				BUNDLE_LOADER = "$(BUILT_PRODUCTS_DIR)/ResultExample.app/ResultExample";
				ENABLE_STRICT_OBJC_MSGSEND = YES;
				FRAMEWORK_SEARCH_PATHS = (
					"$(SDKROOT)/Developer/Library/Frameworks",
					"$(inherited)",
					"$(DEVELOPER_FRAMEWORKS_DIR)",
				);
				GCC_NO_COMMON_BLOCKS = YES;
				INFOPLIST_FILE = "UnitTests/Resources/UnitTests-Info.plist";
				PRODUCT_BUNDLE_IDENTIFIER = "co.infinum.${PRODUCT_NAME:rfc1034identifier}";
				PRODUCT_NAME = "$(TARGET_NAME)";
				SDKROOT = iphoneos;
				SKIP_INSTALL = YES;
				TEST_HOST = "$(BUNDLE_LOADER)";
				WRAPPER_EXTENSION = xctest;
			};
			name = Debug;
		};
		B96EEB463A23AF943AA2B09B /* Release */ = {
			isa = XCBuildConfiguration;
			buildSettings = {
				BUNDLE_LOADER = "$(BUILT_PRODUCTS_DIR)/ResultExample.app/ResultExample";
				ENABLE_STRICT_OBJC_MSGSEND = YES;
				FRAMEWORK_SEARCH_PATHS = (
					"$(SDKROOT)/Developer/Library/Frameworks",
					"$(inherited)",
					"$(DEVELOPER_FRAMEWORKS_DIR)",
				);
				GCC_NO_COMMON_BLOCKS = YES;
				INFOPLIST_FILE = "UnitTests/Resources/UnitTests-Info.plist";
				PRODUCT_BUNDLE_IDENTIFIER = "co.infinum.${PRODUCT_NAME:rfc1034identifier}";
				PRODUCT_NAME = "$(TARGET_NAME)";
				SDKROOT = iphoneos;
				SKIP_INSTALL = YES;
				TEST_HOST = "$(BUNDLE_LOADER)";
				WRAPPER_EXTENSION = xctest;
			};
			name = Release;
		};
		CD7A0D182E1399BF9D2CF6AC /* Release */ = {
			isa = XCBuildConfiguration;
			baseConfigurationReference = 81E25C05F46756A97E2FB5E5 /* Pods-ResultExample.release.xcconfig */;
			buildSettings = {
				ASSETCATALOG_COMPILER_APPICON_NAME = AppIcon;
				"CODE_SIGN_IDENTITY[sdk=iphoneos*]" = "iPhone Developer";
				DEBUG_INFORMATION_FORMAT = "dwarf-with-dsym";
				ENABLE_STRICT_OBJC_MSGSEND = YES;
				GCC_NO_COMMON_BLOCKS = YES;
				INFOPLIST_FILE = "ResultExample/Resources/Other-Sources/Info.plist";
				LD_RUNPATH_SEARCH_PATHS = "$(inherited) @executable_path/Frameworks";
				MTL_ENABLE_DEBUG_INFO = NO;
				PRODUCT_BUNDLE_IDENTIFIER = "co.infinum.${PRODUCT_NAME:rfc1034identifier}";
				PRODUCT_NAME = "$(TARGET_NAME)";
				SDKROOT = iphoneos;
				TARGETED_DEVICE_FAMILY = "1,2";
			};
			name = Release;
		};
		DEEAB3AC05A758B6206DEB8A /* Debug */ = {
			isa = XCBuildConfiguration;
			buildSettings = {
				ALWAYS_SEARCH_USER_PATHS = NO;
				ASSETCATALOG_COMPILER_APPICON_NAME = AppIcon;
				CLANG_ANALYZER_NONNULL = YES;
				CLANG_CXX_LANGUAGE_STANDARD = "gnu++0x";
				CLANG_CXX_LIBRARY = "libc++";
				CLANG_ENABLE_MODULES = YES;
				CLANG_ENABLE_OBJC_ARC = YES;
				CLANG_WARN_BOOL_CONVERSION = YES;
				CLANG_WARN_CONSTANT_CONVERSION = YES;
				CLANG_WARN_DEPRECATED_OBJC_IMPLEMENTATIONS = YES;
				CLANG_WARN_DIRECT_OBJC_ISA_USAGE = YES;
				CLANG_WARN_EMPTY_BODY = YES;
				CLANG_WARN_ENUM_CONVERSION = YES;
				CLANG_WARN_IMPLICIT_SIGN_CONVERSION = YES;
				CLANG_WARN_INT_CONVERSION = YES;
				CLANG_WARN_OBJC_IMPLICIT_RETAIN_SELF = YES;
				CLANG_WARN_OBJC_ROOT_CLASS = YES;
				CLANG_WARN_SUSPICIOUS_IMPLICIT_CONVERSION = YES;
				CLANG_WARN_UNREACHABLE_CODE = YES;
				CLANG_WARN__DUPLICATE_METHOD_MATCH = YES;
				"CODE_SIGN_IDENTITY[sdk=iphoneos*]" = "iPhone Developer";
				COPY_PHASE_STRIP = NO;
				ENABLE_TESTABILITY = YES;
				GCC_C_LANGUAGE_STANDARD = gnu99;
				GCC_DYNAMIC_NO_PIC = NO;
				GCC_OPTIMIZATION_LEVEL = 0;
				GCC_PREPROCESSOR_DEFINITIONS = (
					"DEBUG=1",
					"$(inherited)",
				);
				GCC_SYMBOLS_PRIVATE_EXTERN = NO;
				GCC_WARN_64_TO_32_BIT_CONVERSION = YES;
				GCC_WARN_ABOUT_DEPRECATED_FUNCTIONS = YES;
				GCC_WARN_ABOUT_MISSING_FIELD_INITIALIZERS = YES;
				GCC_WARN_ABOUT_MISSING_NEWLINE = YES;
				GCC_WARN_ABOUT_RETURN_TYPE = YES;
				GCC_WARN_CHECK_SWITCH_STATEMENTS = YES;
				GCC_WARN_INITIALIZER_NOT_FULLY_BRACKETED = YES;
				GCC_WARN_MISSING_PARENTHESES = YES;
				GCC_WARN_SHADOW = YES;
				GCC_WARN_SIGN_COMPARE = YES;
				GCC_WARN_TYPECHECK_CALLS_TO_PRINTF = YES;
				GCC_WARN_UNDECLARED_SELECTOR = YES;
				GCC_WARN_UNINITIALIZED_AUTOS = YES;
				GCC_WARN_UNUSED_FUNCTION = YES;
				GCC_WARN_UNUSED_LABEL = YES;
				GCC_WARN_UNUSED_VALUE = YES;
				GCC_WARN_UNUSED_VARIABLE = YES;
				IPHONEOS_DEPLOYMENT_TARGET = 8.0;
				ONLY_ACTIVE_ARCH = YES;
				RUN_CLANG_STATIC_ANALYZER = YES;
				SDKROOT = iphoneos;
			};
			name = Debug;
		};
		EB24DE133E6AD7AC848ADD1D /* Debug */ = {
			isa = XCBuildConfiguration;
			baseConfigurationReference = 420EE5465D72E42450538CC1 /* Pods-ResultExample.debug.xcconfig */;
			buildSettings = {
				ASSETCATALOG_COMPILER_APPICON_NAME = AppIcon;
				"CODE_SIGN_IDENTITY[sdk=iphoneos*]" = "iPhone Developer";
				DEBUG_INFORMATION_FORMAT = dwarf;
				ENABLE_STRICT_OBJC_MSGSEND = YES;
				GCC_NO_COMMON_BLOCKS = YES;
				INFOPLIST_FILE = "ResultExample/Resources/Other-Sources/Info.plist";
				LD_RUNPATH_SEARCH_PATHS = "$(inherited) @executable_path/Frameworks";
				MTL_ENABLE_DEBUG_INFO = YES;
				PRODUCT_BUNDLE_IDENTIFIER = "co.infinum.${PRODUCT_NAME:rfc1034identifier}";
				PRODUCT_NAME = "$(TARGET_NAME)";
				SDKROOT = iphoneos;
				TARGETED_DEVICE_FAMILY = "1,2";
			};
			name = Debug;
		};
/* End XCBuildConfiguration section */

/* Begin XCConfigurationList section */
		832115EB5200AF1F739E9BC3 /* Build configuration list for PBXNativeTarget "UnitTests" */ = {
			isa = XCConfigurationList;
			buildConfigurations = (
				B96EEB463A23AF943AA2B09B /* Release */,
				75DAB445D0861A0A09B86E94 /* Debug */,
			);
			defaultConfigurationIsVisible = 0;
			defaultConfigurationName = Release;
		};
		D513FEFDAABF0189D96D624A /* Build configuration list for PBXNativeTarget "ResultExample" */ = {
			isa = XCConfigurationList;
			buildConfigurations = (
				CD7A0D182E1399BF9D2CF6AC /* Release */,
				EB24DE133E6AD7AC848ADD1D /* Debug */,
			);
			defaultConfigurationIsVisible = 0;
			defaultConfigurationName = Release;
		};
		DD9E877E6B52FDB911F3ACF9 /* Build configuration list for PBXProject "ResultExample" */ = {
			isa = XCConfigurationList;
			buildConfigurations = (
				DEEAB3AC05A758B6206DEB8A /* Debug */,
				5654ED29EF43CE3AB658326E /* Release */,
			);
			defaultConfigurationIsVisible = 0;
			defaultConfigurationName = Release;
		};
/* End XCConfigurationList section */
	};
	rootObject = 87319A77C692A24A5B6B4AA0 /* Project object */;
}
